{
    "_readme": [
        "This file locks the dependencies of your project to a known state",
        "Read more about it at https://getcomposer.org/doc/01-basic-usage.md#installing-dependencies",
        "This file is @generated automatically"
    ],
    "content-hash": "09f396638c13660b37d0630a473e957a",
    "packages": [
        {
            "name": "phphoenix/core",
            "version": "dev-master",
            "source": {
                "type": "git",
                "url": "https://github.com/darthgelum/PHPhoenix-Core.git",
                "reference": "21866f2eb7d0cc30993cf45a374dad332bf84fcb"
            },
            "dist": {
                "type": "zip",
                "url": "https://api.github.com/repos/darthgelum/PHPhoenix-Core/zipball/21866f2eb7d0cc30993cf45a374dad332bf84fcb",
                "reference": "21866f2eb7d0cc30993cf45a374dad332bf84fcb",
                "shasum": ""
            },
            "require": {
                "php": ">=5.3.0"
            },
            "type": "library",
            "extra": {
                "branch-alias": {
                    "dev-master": "2.*-dev"
                }
            },
            "autoload": {
                "psr-0": {
                    "PHPhoenix": "classes/"
                }
            },
            "notification-url": "https://packagist.org/downloads/",
            "authors": [
                {
                    "name": "Roman Tsiupa",
                    "email": "draconyster@gmail.com",
                    "homepage": "http://dracony.org"
                },
                {
                    "name": "Dmitrov Philipp",
                    "email": "dmitrov.philipp@yandex.ru",
                    "homepage": "http://increw.ru"
                }
            ],
            "description": "PHPhoenix Framework",
            "homepage": "http://phphoenix.com",
            "keywords": [
                "framework"
            ],
            "time": "2018-08-11T11:08:26+00:00"
        },
        {
            "name": "phphoenix/db",
            "version": "dev-master",
            "source": {
                "type": "git",
                "url": "https://github.com/darthgelum/PHPhoenix-DB.git",
                "reference": "81acafad7a772e563e4157aad64a3aacea9a0a35"
            },
            "dist": {
                "type": "zip",
                "url": "https://api.github.com/repos/darthgelum/PHPhoenix-DB/zipball/81acafad7a772e563e4157aad64a3aacea9a0a35",
                "reference": "81acafad7a772e563e4157aad64a3aacea9a0a35",
                "shasum": ""
            },
            "require": {
                "phphoenix/core": "2.*@dev"
            },
            "type": "library",
            "extra": {
                "branch-alias": {
                    "dev-master": "2.x-dev"
                }
            },
            "autoload": {
                "psr-0": {
                    "PHPhoenix": "classes/"
                }
            },
            "notification-url": "https://packagist.org/downloads/",
            "authors": [
                {
                    "name": "Roman Tsiupa",
                    "email": "draconyster@gmail.com",
                    "homepage": "http://dracony.org"
                },
                {
                    "name": "Dmitrov Philipp",
                    "email": "dmitrov.philipp@yandex.ru",
                    "homepage": "http://increw.ru"
                }
            ],
            "description": "PHPhoenix Database library",
            "homepage": "https://github.com/darthgelum/PHPhoenix",
            "keywords": [
                "database",
                "mysql",
                "postgresql",
                "sqlite"
            ],
            "time": "2018-08-11T11:11:35+00:00"
        },
        {
            "name": "phphoenix/orm",
            "version": "2.x-dev",
            "source": {
                "type": "git",
                "url": "https://github.com/PHPhoenix/ORM.git",
                "reference": "82048e94f41e3fd4483480dc6709937d009ea18e"
            },
            "dist": {
                "type": "zip",
                "url": "https://api.github.com/repos/PHPhoenix/ORM/zipball/82048e94f41e3fd4483480dc6709937d009ea18e",
                "reference": "82048e94f41e3fd4483480dc6709937d009ea18e",
                "shasum": ""
            },
            "require": {
                "phphoenix/db": "2.*@dev"
            },
            "type": "library",
            "autoload": {
                "psr-0": {
                    "PHPhoenix": "classes/"
                }
            },
            "notification-url": "https://packagist.org/downloads/",
            "license": [
                "BSD"
            ],
            "authors": [
                {
                    "name": "Roman Tsiupa",
                    "email": "draconyster@gmail.com",
                    "homepage": "http://dracony.org"
                }
            ],
            "description": "ORM library for PHPhoenix",
            "homepage": "http://phphoenix.com",
            "keywords": [
                "database",
                "orm"
            ],
            "time": "2015-03-04T15:55:04+00:00"
        }
    ],
    "packages-dev": [],
    "aliases": [],
    "minimum-stability": "stable",
    "stability-flags": {
        "phphoenix/core": 20,
        "phphoenix/db": 20,
        "phphoenix/orm": 20
    },
    "prefer-stable": false,
    "prefer-lowest": false,
    "platform": [],
    "platform-dev": []
}
